
Microsoft Visual Studio Solution File, Format Version 12.00
# Visual Studio 15
Project("{FAE04EC0-301F-11D3-BF4B-00C04F79EFBC}") = "Assembly-CSharp", "Assembly-CSharp.csproj", "{731CA7D9-1B50-3AAF-5188-D9321C7D29F9}"
EndProject
Project("{FAE04EC0-301F-11D3-BF4B-00C04F79EFBC}") = "Assembly-CSharp-Editor", "Assembly-CSharp-Editor.csproj", "{A5A2591C-AAB0-23A7-1711-97D1D238A15A}"
EndProject
Global
	GlobalSection(SolutionConfigurationPlatforms) = preSolution
		Debug|Any CPU = Debug|Any CPU
		Release|Any CPU = Release|Any CPU
	EndGlobalSection
	GlobalSection(ProjectConfigurationPlatforms) = postSolution
		{731CA7D9-1B50-3AAF-5188-D9321C7D29F9}.Debug|Any CPU.ActiveCfg = Debug|Any CPU
		{731CA7D9-1B50-3AAF-5188-D9321C7D29F9}.Debug|Any CPU.Build.0 = Debug|Any CPU
		{731CA7D9-1B50-3AAF-5188-D9321C7D29F9}.Release|Any CPU.ActiveCfg = Release|Any CPU
		{731CA7D9-1B50-3AAF-5188-D9321C7D29F9}.Release|Any CPU.Build.0 = Release|Any CPU
		{A5A2591C-AAB0-23A7-1711-97D1D238A15A}.Debug|Any CPU.ActiveCfg = Debug|Any CPU
		{A5A2591C-AAB0-23A7-1711-97D1D238A15A}.Debug|Any CPU.Build.0 = Debug|Any CPU
		{A5A2591C-AAB0-23A7-1711-97D1D238A15A}.Release|Any CPU.ActiveCfg = Release|Any CPU
		{A5A2591C-AAB0-23A7-1711-97D1D238A15A}.Release|Any CPU.Build.0 = Release|Any CPU
	EndGlobalSection
	GlobalSection(SolutionProperties) = preSolution
		HideSolutionNode = FALSE
	EndGlobalSection
EndGlobal
